
Microsoft Visual Studio Solution File, Format Version 12.00
# Visual Studio Version 17
VisualStudioVersion = 17.0.31903.59
MinimumVisualStudioVersion = 10.0.40219.1
Project("{FAE04EC0-301F-11D3-BF4B-00C04F79EFBC}") = "Sork.Tests", "test\Sork.Tests.csproj", "{ECA9F73E-FB15-4A7E-B96A-D6F458A0FC8B}"
EndProject
Project("{FAE04EC0-301F-11D3-BF4B-00C04F79EFBC}") = "Sork", "game\Sork.csproj", "{DA0D204B-A765-40C0-BD9E-C3AD19E3F2A2}"
EndProject
Global
	GlobalSection(SolutionConfigurationPlatforms) = preSolution
		Debug|Any CPU = Debug|Any CPU
		Release|Any CPU = Release|Any CPU
	EndGlobalSection
	GlobalSection(SolutionProperties) = preSolution
		HideSolutionNode = FALSE
	EndGlobalSection
	GlobalSection(ProjectConfigurationPlatforms) = postSolution
		{032E28C8-0655-44DE-805D-BECC674BF6F6}.Debug|Any CPU.ActiveCfg = Debug|Any CPU
		{032E28C8-0655-44DE-805D-BECC674BF6F6}.Debug|Any CPU.Build.0 = Debug|Any CPU
		{032E28C8-0655-44DE-805D-BECC674BF6F6}.Release|Any CPU.ActiveCfg = Release|Any CPU
		{032E28C8-0655-44DE-805D-BECC674BF6F6}.Release|Any CPU.Build.0 = Release|Any CPU
		{ECA9F73E-FB15-4A7E-B96A-D6F458A0FC8B}.Debug|Any CPU.ActiveCfg = Debug|Any CPU
		{ECA9F73E-FB15-4A7E-B96A-D6F458A0FC8B}.Debug|Any CPU.Build.0 = Debug|Any CPU
		{ECA9F73E-FB15-4A7E-B96A-D6F458A0FC8B}.Release|Any CPU.ActiveCfg = Release|Any CPU
		{ECA9F73E-FB15-4A7E-B96A-D6F458A0FC8B}.Release|Any CPU.Build.0 = Release|Any CPU
		{DA0D204B-A765-40C0-BD9E-C3AD19E3F2A2}.Debug|Any CPU.ActiveCfg = Debug|Any CPU
		{DA0D204B-A765-40C0-BD9E-C3AD19E3F2A2}.Debug|Any CPU.Build.0 = Debug|Any CPU
		{DA0D204B-A765-40C0-BD9E-C3AD19E3F2A2}.Release|Any CPU.ActiveCfg = Release|Any CPU
		{DA0D204B-A765-40C0-BD9E-C3AD19E3F2A2}.Release|Any CPU.Build.0 = Release|Any CPU
	EndGlobalSection
EndGlobal
